
Microsoft Visual Studio Solution File, Format Version 12.00
# Visual Studio Version 16
VisualStudioVersion = 16.0.32106.194
MinimumVisualStudioVersion = 10.0.40219.1
Project("{FAE04EC0-301F-11D3-BF4B-00C04F79EFBC}") = "binaryAritmetics", "binaryAritmetics.csproj", "{E78A36D8-93FE-4413-8A05-44F1DDC23499}"
EndProject
Global
	GlobalSection(SolutionConfigurationPlatforms) = preSolution
		Debug|Any CPU = Debug|Any CPU
		Release|Any CPU = Release|Any CPU
	EndGlobalSection
	GlobalSection(ProjectConfigurationPlatforms) = postSolution
		{E78A36D8-93FE-4413-8A05-44F1DDC23499}.Debug|Any CPU.ActiveCfg = Debug|Any CPU
		{E78A36D8-93FE-4413-8A05-44F1DDC23499}.Debug|Any CPU.Build.0 = Debug|Any CPU
		{E78A36D8-93FE-4413-8A05-44F1DDC23499}.Release|Any CPU.ActiveCfg = Release|Any CPU
		{E78A36D8-93FE-4413-8A05-44F1DDC23499}.Release|Any CPU.Build.0 = Release|Any CPU
	EndGlobalSection
	GlobalSection(SolutionProperties) = preSolution
		HideSolutionNode = FALSE
	EndGlobalSection
	GlobalSection(ExtensibilityGlobals) = postSolution
		SolutionGuid = {EDA96B5A-1CEE-44D7-89F6-0619478717AC}
	EndGlobalSection
EndGlobal
