
Microsoft Visual Studio Solution File, Format Version 12.00
# Visual Studio Version 16
VisualStudioVersion = 16.0.31729.503
MinimumVisualStudioVersion = 10.0.40219.1
Project("{FAE04EC0-301F-11D3-BF4B-00C04F79EFBC}") = "MagicNumber", "MagicNumber.csproj", "{35F4658B-39A0-4C47-9014-C120DF427AB0}"
EndProject
Global
	GlobalSection(SolutionConfigurationPlatforms) = preSolution
		Debug|Any CPU = Debug|Any CPU
		Release|Any CPU = Release|Any CPU
	EndGlobalSection
	GlobalSection(ProjectConfigurationPlatforms) = postSolution
		{35F4658B-39A0-4C47-9014-C120DF427AB0}.Debug|Any CPU.ActiveCfg = Debug|Any CPU
		{35F4658B-39A0-4C47-9014-C120DF427AB0}.Debug|Any CPU.Build.0 = Debug|Any CPU
		{35F4658B-39A0-4C47-9014-C120DF427AB0}.Release|Any CPU.ActiveCfg = Release|Any CPU
		{35F4658B-39A0-4C47-9014-C120DF427AB0}.Release|Any CPU.Build.0 = Release|Any CPU
	EndGlobalSection
	GlobalSection(SolutionProperties) = preSolution
		HideSolutionNode = FALSE
	EndGlobalSection
	GlobalSection(ExtensibilityGlobals) = postSolution
		SolutionGuid = {2C08A0BF-44A4-421B-B9DD-F91F74B68B53}
	EndGlobalSection
EndGlobal
