
Microsoft Visual Studio Solution File, Format Version 12.00
# Visual Studio Version 16
VisualStudioVersion = 16.0.32106.194
MinimumVisualStudioVersion = 10.0.40219.1
Project("{FAE04EC0-301F-11D3-BF4B-00C04F79EFBC}") = "SumAndAverage", "SumAndAverage.csproj", "{998804F5-D472-4FFF-B990-DC76540A91D2}"
EndProject
Global
	GlobalSection(SolutionConfigurationPlatforms) = preSolution
		Debug|Any CPU = Debug|Any CPU
		Release|Any CPU = Release|Any CPU
	EndGlobalSection
	GlobalSection(ProjectConfigurationPlatforms) = postSolution
		{998804F5-D472-4FFF-B990-DC76540A91D2}.Debug|Any CPU.ActiveCfg = Debug|Any CPU
		{998804F5-D472-4FFF-B990-DC76540A91D2}.Debug|Any CPU.Build.0 = Debug|Any CPU
		{998804F5-D472-4FFF-B990-DC76540A91D2}.Release|Any CPU.ActiveCfg = Release|Any CPU
		{998804F5-D472-4FFF-B990-DC76540A91D2}.Release|Any CPU.Build.0 = Release|Any CPU
	EndGlobalSection
	GlobalSection(SolutionProperties) = preSolution
		HideSolutionNode = FALSE
	EndGlobalSection
	GlobalSection(ExtensibilityGlobals) = postSolution
		SolutionGuid = {E48BC735-4060-466A-97CA-42101ED8656E}
	EndGlobalSection
EndGlobal
