
Microsoft Visual Studio Solution File, Format Version 12.00
# Visual Studio Version 16
VisualStudioVersion = 16.0.32106.194
MinimumVisualStudioVersion = 10.0.40219.1
Project("{FAE04EC0-301F-11D3-BF4B-00C04F79EFBC}") = "ExamPreparation", "ExamPreparation.csproj", "{06A65992-1527-4197-B464-2125C57B0FB9}"
EndProject
Global
	GlobalSection(SolutionConfigurationPlatforms) = preSolution
		Debug|Any CPU = Debug|Any CPU
		Release|Any CPU = Release|Any CPU
	EndGlobalSection
	GlobalSection(ProjectConfigurationPlatforms) = postSolution
		{06A65992-1527-4197-B464-2125C57B0FB9}.Debug|Any CPU.ActiveCfg = Debug|Any CPU
		{06A65992-1527-4197-B464-2125C57B0FB9}.Debug|Any CPU.Build.0 = Debug|Any CPU
		{06A65992-1527-4197-B464-2125C57B0FB9}.Release|Any CPU.ActiveCfg = Release|Any CPU
		{06A65992-1527-4197-B464-2125C57B0FB9}.Release|Any CPU.Build.0 = Release|Any CPU
	EndGlobalSection
	GlobalSection(SolutionProperties) = preSolution
		HideSolutionNode = FALSE
	EndGlobalSection
	GlobalSection(ExtensibilityGlobals) = postSolution
		SolutionGuid = {858171AF-57AE-4214-9B4B-A1A2BADFF312}
	EndGlobalSection
EndGlobal
