
Microsoft Visual Studio Solution File, Format Version 12.00
# Visual Studio Version 16
VisualStudioVersion = 16.0.32106.194
MinimumVisualStudioVersion = 10.0.40219.1
Project("{FAE04EC0-301F-11D3-BF4B-00C04F79EFBC}") = "sravnqvane na simvolni nizove", "sravnqvane na simvolni nizove.csproj", "{F83C53B5-2C41-4D29-8217-D9E4646D5A99}"
EndProject
Global
	GlobalSection(SolutionConfigurationPlatforms) = preSolution
		Debug|Any CPU = Debug|Any CPU
		Release|Any CPU = Release|Any CPU
	EndGlobalSection
	GlobalSection(ProjectConfigurationPlatforms) = postSolution
		{F83C53B5-2C41-4D29-8217-D9E4646D5A99}.Debug|Any CPU.ActiveCfg = Debug|Any CPU
		{F83C53B5-2C41-4D29-8217-D9E4646D5A99}.Debug|Any CPU.Build.0 = Debug|Any CPU
		{F83C53B5-2C41-4D29-8217-D9E4646D5A99}.Release|Any CPU.ActiveCfg = Release|Any CPU
		{F83C53B5-2C41-4D29-8217-D9E4646D5A99}.Release|Any CPU.Build.0 = Release|Any CPU
	EndGlobalSection
	GlobalSection(SolutionProperties) = preSolution
		HideSolutionNode = FALSE
	EndGlobalSection
	GlobalSection(ExtensibilityGlobals) = postSolution
		SolutionGuid = {B7E1CBC8-6D30-415B-B8BE-51916490ECD9}
	EndGlobalSection
EndGlobal
