
Microsoft Visual Studio Solution File, Format Version 12.00
# Visual Studio Version 16
VisualStudioVersion = 16.0.32106.194
MinimumVisualStudioVersion = 10.0.40219.1
Project("{FAE04EC0-301F-11D3-BF4B-00C04F79EFBC}") = "broi na realni chisla", "broi na realni chisla.csproj", "{DEE9E835-54FC-4DE5-B177-2D8FE59F9E50}"
EndProject
Global
	GlobalSection(SolutionConfigurationPlatforms) = preSolution
		Debug|Any CPU = Debug|Any CPU
		Release|Any CPU = Release|Any CPU
	EndGlobalSection
	GlobalSection(ProjectConfigurationPlatforms) = postSolution
		{DEE9E835-54FC-4DE5-B177-2D8FE59F9E50}.Debug|Any CPU.ActiveCfg = Debug|Any CPU
		{DEE9E835-54FC-4DE5-B177-2D8FE59F9E50}.Debug|Any CPU.Build.0 = Debug|Any CPU
		{DEE9E835-54FC-4DE5-B177-2D8FE59F9E50}.Release|Any CPU.ActiveCfg = Release|Any CPU
		{DEE9E835-54FC-4DE5-B177-2D8FE59F9E50}.Release|Any CPU.Build.0 = Release|Any CPU
	EndGlobalSection
	GlobalSection(SolutionProperties) = preSolution
		HideSolutionNode = FALSE
	EndGlobalSection
	GlobalSection(ExtensibilityGlobals) = postSolution
		SolutionGuid = {C3584FC4-68B3-481A-87DF-4F1DCC6B51AE}
	EndGlobalSection
EndGlobal
