
Microsoft Visual Studio Solution File, Format Version 12.00
# Visual Studio Version 16
VisualStudioVersion = 16.0.32106.194
MinimumVisualStudioVersion = 10.0.40219.1
Project("{FAE04EC0-301F-11D3-BF4B-00C04F79EFBC}") = "tarsene na elem v sort masiv", "tarsene na elem v sort masiv.csproj", "{BF750C43-7FA8-49A6-BB7A-28B606E4B5C9}"
EndProject
Global
	GlobalSection(SolutionConfigurationPlatforms) = preSolution
		Debug|Any CPU = Debug|Any CPU
		Release|Any CPU = Release|Any CPU
	EndGlobalSection
	GlobalSection(ProjectConfigurationPlatforms) = postSolution
		{BF750C43-7FA8-49A6-BB7A-28B606E4B5C9}.Debug|Any CPU.ActiveCfg = Debug|Any CPU
		{BF750C43-7FA8-49A6-BB7A-28B606E4B5C9}.Debug|Any CPU.Build.0 = Debug|Any CPU
		{BF750C43-7FA8-49A6-BB7A-28B606E4B5C9}.Release|Any CPU.ActiveCfg = Release|Any CPU
		{BF750C43-7FA8-49A6-BB7A-28B606E4B5C9}.Release|Any CPU.Build.0 = Release|Any CPU
	EndGlobalSection
	GlobalSection(SolutionProperties) = preSolution
		HideSolutionNode = FALSE
	EndGlobalSection
	GlobalSection(ExtensibilityGlobals) = postSolution
		SolutionGuid = {52D13DB6-7F21-4779-AD23-BEE3019547BC}
	EndGlobalSection
EndGlobal
