
Microsoft Visual Studio Solution File, Format Version 12.00
# Visual Studio Version 16
VisualStudioVersion = 16.0.32106.194
MinimumVisualStudioVersion = 10.0.40219.1
Project("{FAE04EC0-301F-11D3-BF4B-00C04F79EFBC}") = "brrr", "brrr.csproj", "{F9CC0B74-DDB1-4018-9840-53EB629C6D0E}"
EndProject
Global
	GlobalSection(SolutionConfigurationPlatforms) = preSolution
		Debug|Any CPU = Debug|Any CPU
		Release|Any CPU = Release|Any CPU
	EndGlobalSection
	GlobalSection(ProjectConfigurationPlatforms) = postSolution
		{F9CC0B74-DDB1-4018-9840-53EB629C6D0E}.Debug|Any CPU.ActiveCfg = Debug|Any CPU
		{F9CC0B74-DDB1-4018-9840-53EB629C6D0E}.Debug|Any CPU.Build.0 = Debug|Any CPU
		{F9CC0B74-DDB1-4018-9840-53EB629C6D0E}.Release|Any CPU.ActiveCfg = Release|Any CPU
		{F9CC0B74-DDB1-4018-9840-53EB629C6D0E}.Release|Any CPU.Build.0 = Release|Any CPU
	EndGlobalSection
	GlobalSection(SolutionProperties) = preSolution
		HideSolutionNode = FALSE
	EndGlobalSection
	GlobalSection(ExtensibilityGlobals) = postSolution
		SolutionGuid = {5DCC865C-9983-47E9-8784-D631AA3595AE}
	EndGlobalSection
EndGlobal
