
Microsoft Visual Studio Solution File, Format Version 12.00
# Visual Studio Version 16
VisualStudioVersion = 16.0.32106.194
MinimumVisualStudioVersion = 10.0.40219.1
Project("{FAE04EC0-301F-11D3-BF4B-00C04F79EFBC}") = "RegularExam", "RegularExam.csproj", "{F240FB4A-B60C-4403-AEBF-F1346C9C25ED}"
EndProject
Global
	GlobalSection(SolutionConfigurationPlatforms) = preSolution
		Debug|Any CPU = Debug|Any CPU
		Release|Any CPU = Release|Any CPU
	EndGlobalSection
	GlobalSection(ProjectConfigurationPlatforms) = postSolution
		{F240FB4A-B60C-4403-AEBF-F1346C9C25ED}.Debug|Any CPU.ActiveCfg = Debug|Any CPU
		{F240FB4A-B60C-4403-AEBF-F1346C9C25ED}.Debug|Any CPU.Build.0 = Debug|Any CPU
		{F240FB4A-B60C-4403-AEBF-F1346C9C25ED}.Release|Any CPU.ActiveCfg = Release|Any CPU
		{F240FB4A-B60C-4403-AEBF-F1346C9C25ED}.Release|Any CPU.Build.0 = Release|Any CPU
	EndGlobalSection
	GlobalSection(SolutionProperties) = preSolution
		HideSolutionNode = FALSE
	EndGlobalSection
	GlobalSection(ExtensibilityGlobals) = postSolution
		SolutionGuid = {168DBC2D-1C68-476C-A184-C31826D88CC1}
	EndGlobalSection
EndGlobal
